
Microsoft Visual Studio Solution File, Format Version 12.00
# Visual Studio 2012
Project("{FAE04EC0-301F-11D3-BF4B-00C04F79EFBC}") = "WcfService_json_xml", "WcfService_json_xml\WcfService_json_xml.csproj", "{1D7FD336-2D19-46F8-9EB0-DD8D06AA33CF}"
EndProject
Project("{FAE04EC0-301F-11D3-BF4B-00C04F79EFBC}") = "AutomaticFormat", "AutomaticFormat\AutomaticFormat.csproj", "{B62B069F-46F1-4441-BFED-1856E35B80F6}"
EndProject
Project("{FAE04EC0-301F-11D3-BF4B-00C04F79EFBC}") = "URL.json", "URL.json\URL.json.csproj", "{1842CB24-DB3E-4BD9-A84E-FC6FF9A7474C}"
EndProject
Project("{FAE04EC0-301F-11D3-BF4B-00C04F79EFBC}") = "MessageInspector", "MessageInspector\MessageInspector.csproj", "{7AA435EF-C3D7-491D-BA7D-351A12A6199A}"
EndProject
Global
	GlobalSection(SolutionConfigurationPlatforms) = preSolution
		Debug|Any CPU = Debug|Any CPU
		Release|Any CPU = Release|Any CPU
	EndGlobalSection
	GlobalSection(ProjectConfigurationPlatforms) = postSolution
		{1D7FD336-2D19-46F8-9EB0-DD8D06AA33CF}.Debug|Any CPU.ActiveCfg = Debug|Any CPU
		{1D7FD336-2D19-46F8-9EB0-DD8D06AA33CF}.Debug|Any CPU.Build.0 = Debug|Any CPU
		{1D7FD336-2D19-46F8-9EB0-DD8D06AA33CF}.Release|Any CPU.ActiveCfg = Release|Any CPU
		{1D7FD336-2D19-46F8-9EB0-DD8D06AA33CF}.Release|Any CPU.Build.0 = Release|Any CPU
		{B62B069F-46F1-4441-BFED-1856E35B80F6}.Debug|Any CPU.ActiveCfg = Debug|Any CPU
		{B62B069F-46F1-4441-BFED-1856E35B80F6}.Debug|Any CPU.Build.0 = Debug|Any CPU
		{B62B069F-46F1-4441-BFED-1856E35B80F6}.Release|Any CPU.ActiveCfg = Release|Any CPU
		{B62B069F-46F1-4441-BFED-1856E35B80F6}.Release|Any CPU.Build.0 = Release|Any CPU
		{1842CB24-DB3E-4BD9-A84E-FC6FF9A7474C}.Debug|Any CPU.ActiveCfg = Debug|Any CPU
		{1842CB24-DB3E-4BD9-A84E-FC6FF9A7474C}.Debug|Any CPU.Build.0 = Debug|Any CPU
		{1842CB24-DB3E-4BD9-A84E-FC6FF9A7474C}.Release|Any CPU.ActiveCfg = Release|Any CPU
		{1842CB24-DB3E-4BD9-A84E-FC6FF9A7474C}.Release|Any CPU.Build.0 = Release|Any CPU
		{7AA435EF-C3D7-491D-BA7D-351A12A6199A}.Debug|Any CPU.ActiveCfg = Debug|Any CPU
		{7AA435EF-C3D7-491D-BA7D-351A12A6199A}.Debug|Any CPU.Build.0 = Debug|Any CPU
		{7AA435EF-C3D7-491D-BA7D-351A12A6199A}.Release|Any CPU.ActiveCfg = Release|Any CPU
		{7AA435EF-C3D7-491D-BA7D-351A12A6199A}.Release|Any CPU.Build.0 = Release|Any CPU
	EndGlobalSection
	GlobalSection(SolutionProperties) = preSolution
		HideSolutionNode = FALSE
	EndGlobalSection
EndGlobal
